// !$*UTF8*$!
{
	archiveVersion = 1;
	classes = {
	};
	objectVersion = 46;
	objects = {

/* Begin PBXBuildFile section */
		180372741D03964B001F5618 /* AppDelegate.swift in Sources */ = {isa = PBXBuildFile; fileRef = 180372731D03964B001F5618 /* AppDelegate.swift */; };
		180372761D03964B001F5618 /* MapViewController.swift in Sources */ = {isa = PBXBuildFile; fileRef = 180372751D03964B001F5618 /* MapViewController.swift */; };
		180372791D03964B001F5618 /* Main.storyboard in Resources */ = {isa = PBXBuildFile; fileRef = 180372771D03964B001F5618 /* Main.storyboard */; };
		1803727B1D03964C001F5618 /* Assets.xcassets in Resources */ = {isa = PBXBuildFile; fileRef = 1803727A1D03964C001F5618 /* Assets.xcassets */; };
		1803727E1D03964C001F5618 /* LaunchScreen.storyboard in Resources */ = {isa = PBXBuildFile; fileRef = 1803727C1D03964C001F5618 /* LaunchScreen.storyboard */; };
		180372891D03964C001F5618 /* VirtualTouristTests.swift in Sources */ = {isa = PBXBuildFile; fileRef = 180372881D03964C001F5618 /* VirtualTouristTests.swift */; };
		180372941D03964C001F5618 /* VirtualTouristUITests.swift in Sources */ = {isa = PBXBuildFile; fileRef = 180372931D03964C001F5618 /* VirtualTouristUITests.swift */; };
		180372A21D03C383001F5618 /* PhotoAlbumViewController.swift in Sources */ = {isa = PBXBuildFile; fileRef = 180372A11D03C383001F5618 /* PhotoAlbumViewController.swift */; };
		180372A61D03C8AC001F5618 /* Pin.swift in Sources */ = {isa = PBXBuildFile; fileRef = 180372A51D03C8AC001F5618 /* Pin.swift */; };
		180372A81D03C8B7001F5618 /* Photo.swift in Sources */ = {isa = PBXBuildFile; fileRef = 180372A71D03C8B7001F5618 /* Photo.swift */; };
		180372AB1D03CBA7001F5618 /* MapAnnotation.swift in Sources */ = {isa = PBXBuildFile; fileRef = 180372AA1D03CBA7001F5618 /* MapAnnotation.swift */; };
		180372AE1D03D1DA001F5618 /* NetworkRequestBuilder.swift in Sources */ = {isa = PBXBuildFile; fileRef = 180372AD1D03D1DA001F5618 /* NetworkRequestBuilder.swift */; };
		180372B01D03D252001F5618 /* FlickrClient.swift in Sources */ = {isa = PBXBuildFile; fileRef = 180372AF1D03D252001F5618 /* FlickrClient.swift */; };
		180372B21D03D262001F5618 /* FlickrConstants.swift in Sources */ = {isa = PBXBuildFile; fileRef = 180372B11D03D262001F5618 /* FlickrConstants.swift */; };
		180372B41D03D2C7001F5618 /* FlickrConvenience.swift in Sources */ = {isa = PBXBuildFile; fileRef = 180372B31D03D2C7001F5618 /* FlickrConvenience.swift */; };
		18067F7E1D28962000F5B1BA /* GCDBlackBox.swift in Sources */ = {isa = PBXBuildFile; fileRef = 18067F7D1D28962000F5B1BA /* GCDBlackBox.swift */; };
		187547E41D287BE700587B76 /* PhotoAlbumCell.swift in Sources */ = {isa = PBXBuildFile; fileRef = 187547E31D287BE700587B76 /* PhotoAlbumCell.swift */; };
		187C63BA1D2B397B00CAEC16 /* Model.xcdatamodeld in Sources */ = {isa = PBXBuildFile; fileRef = 187C63B81D2B397B00CAEC16 /* Model.xcdatamodeld */; };
		187C63BC1D2B3BB600CAEC16 /* CoreDataStack.swift in Sources */ = {isa = PBXBuildFile; fileRef = 187C63BB1D2B3BB600CAEC16 /* CoreDataStack.swift */; };
		187C63BE1D2B3F3E00CAEC16 /* CoreDataStackManager.swift in Sources */ = {isa = PBXBuildFile; fileRef = 187C63BD1D2B3F3E00CAEC16 /* CoreDataStackManager.swift */; };
/* End PBXBuildFile section */

/* Begin PBXContainerItemProxy section */
		180372851D03964C001F5618 /* PBXContainerItemProxy */ = {
			isa = PBXContainerItemProxy;
			containerPortal = 180372681D03964B001F5618 /* Project object */;
			proxyType = 1;
			remoteGlobalIDString = 1803726F1D03964B001F5618;
			remoteInfo = VirtualTourist;
		};
		180372901D03964C001F5618 /* PBXContainerItemProxy */ = {
			isa = PBXContainerItemProxy;
			containerPortal = 180372681D03964B001F5618 /* Project object */;
			proxyType = 1;
			remoteGlobalIDString = 1803726F1D03964B001F5618;
			remoteInfo = VirtualTourist;
		};
/* End PBXContainerItemProxy section */

/* Begin PBXFileReference section */
		180372701D03964B001F5618 /* VirtualTourist.app */ = {isa = PBXFileReference; explicitFileType = wrapper.application; includeInIndex = 0; path = VirtualTourist.app; sourceTree = BUILT_PRODUCTS_DIR; };
		180372731D03964B001F5618 /* AppDelegate.swift */ = {isa = PBXFileReference; lastKnownFileType = sourcecode.swift; path = AppDelegate.swift; sourceTree = "<group>"; };
		180372751D03964B001F5618 /* MapViewController.swift */ = {isa = PBXFileReference; lastKnownFileType = sourcecode.swift; path = MapViewController.swift; sourceTree = "<group>"; };
		180372781D03964B001F5618 /* Base */ = {isa = PBXFileReference; lastKnownFileType = file.storyboard; name = Base; path = Base.lproj/Main.storyboard; sourceTree = "<group>"; };
		1803727A1D03964C001F5618 /* Assets.xcassets */ = {isa = PBXFileReference; lastKnownFileType = folder.assetcatalog; path = Assets.xcassets; sourceTree = "<group>"; };
		1803727D1D03964C001F5618 /* Base */ = {isa = PBXFileReference; lastKnownFileType = file.storyboard; name = Base; path = Base.lproj/LaunchScreen.storyboard; sourceTree = "<group>"; };
		1803727F1D03964C001F5618 /* Info.plist */ = {isa = PBXFileReference; lastKnownFileType = text.plist.xml; path = Info.plist; sourceTree = "<group>"; };
		180372841D03964C001F5618 /* VirtualTouristTests.xctest */ = {isa = PBXFileReference; explicitFileType = wrapper.cfbundle; includeInIndex = 0; path = VirtualTouristTests.xctest; sourceTree = BUILT_PRODUCTS_DIR; };
		180372881D03964C001F5618 /* VirtualTouristTests.swift */ = {isa = PBXFileReference; lastKnownFileType = sourcecode.swift; path = VirtualTouristTests.swift; sourceTree = "<group>"; };
		1803728A1D03964C001F5618 /* Info.plist */ = {isa = PBXFileReference; lastKnownFileType = text.plist.xml; path = Info.plist; sourceTree = "<group>"; };
		1803728F1D03964C001F5618 /* VirtualTouristUITests.xctest */ = {isa = PBXFileReference; explicitFileType = wrapper.cfbundle; includeInIndex = 0; path = VirtualTouristUITests.xctest; sourceTree = BUILT_PRODUCTS_DIR; };
		180372931D03964C001F5618 /* VirtualTouristUITests.swift */ = {isa = PBXFileReference; lastKnownFileType = sourcecode.swift; path = VirtualTouristUITests.swift; sourceTree = "<group>"; };
		180372951D03964C001F5618 /* Info.plist */ = {isa = PBXFileReference; lastKnownFileType = text.plist.xml; path = Info.plist; sourceTree = "<group>"; };
		180372A11D03C383001F5618 /* PhotoAlbumViewController.swift */ = {isa = PBXFileReference; fileEncoding = 4; lastKnownFileType = sourcecode.swift; path = PhotoAlbumViewController.swift; sourceTree = "<group>"; };
		180372A51D03C8AC001F5618 /* Pin.swift */ = {isa = PBXFileReference; fileEncoding = 4; lastKnownFileType = sourcecode.swift; path = Pin.swift; sourceTree = "<group>"; };
		180372A71D03C8B7001F5618 /* Photo.swift */ = {isa = PBXFileReference; fileEncoding = 4; lastKnownFileType = sourcecode.swift; path = Photo.swift; sourceTree = "<group>"; };
		180372AA1D03CBA7001F5618 /* MapAnnotation.swift */ = {isa = PBXFileReference; fileEncoding = 4; lastKnownFileType = sourcecode.swift; path = MapAnnotation.swift; sourceTree = "<group>"; };
		180372AD1D03D1DA001F5618 /* NetworkRequestBuilder.swift */ = {isa = PBXFileReference; fileEncoding = 4; lastKnownFileType = sourcecode.swift; path = NetworkRequestBuilder.swift; sourceTree = "<group>"; };
		180372AF1D03D252001F5618 /* FlickrClient.swift */ = {isa = PBXFileReference; fileEncoding = 4; lastKnownFileType = sourcecode.swift; path = FlickrClient.swift; sourceTree = "<group>"; };
		180372B11D03D262001F5618 /* FlickrConstants.swift */ = {isa = PBXFileReference; fileEncoding = 4; lastKnownFileType = sourcecode.swift; path = FlickrConstants.swift; sourceTree = "<group>"; };
		180372B31D03D2C7001F5618 /* FlickrConvenience.swift */ = {isa = PBXFileReference; fileEncoding = 4; lastKnownFileType = sourcecode.swift; path = FlickrConvenience.swift; sourceTree = "<group>"; };
		18067F7D1D28962000F5B1BA /* GCDBlackBox.swift */ = {isa = PBXFileReference; fileEncoding = 4; lastKnownFileType = sourcecode.swift; path = GCDBlackBox.swift; sourceTree = "<group>"; };
		187547E31D287BE700587B76 /* PhotoAlbumCell.swift */ = {isa = PBXFileReference; fileEncoding = 4; lastKnownFileType = sourcecode.swift; path = PhotoAlbumCell.swift; sourceTree = "<group>"; };
		187C63B91D2B397B00CAEC16 /* Model.xcdatamodel */ = {isa = PBXFileReference; lastKnownFileType = wrapper.xcdatamodel; path = Model.xcdatamodel; sourceTree = "<group>"; };
		187C63BB1D2B3BB600CAEC16 /* CoreDataStack.swift */ = {isa = PBXFileReference; fileEncoding = 4; lastKnownFileType = sourcecode.swift; path = CoreDataStack.swift; sourceTree = "<group>"; };
		187C63BD1D2B3F3E00CAEC16 /* CoreDataStackManager.swift */ = {isa = PBXFileReference; fileEncoding = 4; lastKnownFileType = sourcecode.swift; path = CoreDataStackManager.swift; sourceTree = "<group>"; };
/* End PBXFileReference section */

/* Begin PBXFrameworksBuildPhase section */
		1803726D1D03964B001F5618 /* Frameworks */ = {
			isa = PBXFrameworksBuildPhase;
			buildActionMask = 2147483647;
			files = (
			);
			runOnlyForDeploymentPostprocessing = 0;
		};
		180372811D03964C001F5618 /* Frameworks */ = {
			isa = PBXFrameworksBuildPhase;
			buildActionMask = 2147483647;
			files = (
			);
			runOnlyForDeploymentPostprocessing = 0;
		};
		1803728C1D03964C001F5618 /* Frameworks */ = {
			isa = PBXFrameworksBuildPhase;
			buildActionMask = 2147483647;
			files = (
			);
			runOnlyForDeploymentPostprocessing = 0;
		};
/* End PBXFrameworksBuildPhase section */

/* Begin PBXGroup section */
		180372671D03964B001F5618 = {
			isa = PBXGroup;
			children = (
				180372721D03964B001F5618 /* VirtualTourist */,
				180372871D03964C001F5618 /* VirtualTouristTests */,
				180372921D03964C001F5618 /* VirtualTouristUITests */,
				180372711D03964B001F5618 /* Products */,
			);
			sourceTree = "<group>";
		};
		180372711D03964B001F5618 /* Products */ = {
			isa = PBXGroup;
			children = (
				180372701D03964B001F5618 /* VirtualTourist.app */,
				180372841D03964C001F5618 /* VirtualTouristTests.xctest */,
				1803728F1D03964C001F5618 /* VirtualTouristUITests.xctest */,
			);
			name = Products;
			sourceTree = "<group>";
		};
		180372721D03964B001F5618 /* VirtualTourist */ = {
			isa = PBXGroup;
			children = (
				180372B51D03D2D0001F5618 /* Networking */,
				180372A91D03CB83001F5618 /* View */,
				180372A41D03C895001F5618 /* Model */,
				180372A31D03C433001F5618 /* Controller */,
				180372731D03964B001F5618 /* AppDelegate.swift */,
				180372771D03964B001F5618 /* Main.storyboard */,
				187C63B81D2B397B00CAEC16 /* Model.xcdatamodeld */,
				187C63BD1D2B3F3E00CAEC16 /* CoreDataStackManager.swift */,
				187C63BB1D2B3BB600CAEC16 /* CoreDataStack.swift */,
				1803727A1D03964C001F5618 /* Assets.xcassets */,
				1803727C1D03964C001F5618 /* LaunchScreen.storyboard */,
				1803727F1D03964C001F5618 /* Info.plist */,
			);
			path = VirtualTourist;
			sourceTree = "<group>";
		};
		180372871D03964C001F5618 /* VirtualTouristTests */ = {
			isa = PBXGroup;
			children = (
				180372881D03964C001F5618 /* VirtualTouristTests.swift */,
				1803728A1D03964C001F5618 /* Info.plist */,
			);
			path = VirtualTouristTests;
			sourceTree = "<group>";
		};
		180372921D03964C001F5618 /* VirtualTouristUITests */ = {
			isa = PBXGroup;
			children = (
				180372931D03964C001F5618 /* VirtualTouristUITests.swift */,
				180372951D03964C001F5618 /* Info.plist */,
			);
			path = VirtualTouristUITests;
			sourceTree = "<group>";
		};
		180372A31D03C433001F5618 /* Controller */ = {
			isa = PBXGroup;
			children = (
				180372751D03964B001F5618 /* MapViewController.swift */,
				180372A11D03C383001F5618 /* PhotoAlbumViewController.swift */,
			);
			name = Controller;
			sourceTree = "<group>";
		};
		180372A41D03C895001F5618 /* Model */ = {
			isa = PBXGroup;
			children = (
				180372A51D03C8AC001F5618 /* Pin.swift */,
				180372A71D03C8B7001F5618 /* Photo.swift */,
			);
			name = Model;
			sourceTree = "<group>";
		};
		180372A91D03CB83001F5618 /* View */ = {
			isa = PBXGroup;
			children = (
				180372AA1D03CBA7001F5618 /* MapAnnotation.swift */,
				187547E31D287BE700587B76 /* PhotoAlbumCell.swift */,
			);
			name = View;
			sourceTree = "<group>";
		};
		180372B51D03D2D0001F5618 /* Networking */ = {
			isa = PBXGroup;
			children = (
				180372B61D03D2DD001F5618 /* Flickr */,
				180372AD1D03D1DA001F5618 /* NetworkRequestBuilder.swift */,
				18067F7D1D28962000F5B1BA /* GCDBlackBox.swift */,
			);
			name = Networking;
			sourceTree = "<group>";
		};
		180372B61D03D2DD001F5618 /* Flickr */ = {
			isa = PBXGroup;
			children = (
				180372B31D03D2C7001F5618 /* FlickrConvenience.swift */,
				180372B11D03D262001F5618 /* FlickrConstants.swift */,
				180372AF1D03D252001F5618 /* FlickrClient.swift */,
			);
			name = Flickr;
			sourceTree = "<group>";
		};
/* End PBXGroup section */

/* Begin PBXNativeTarget section */
		1803726F1D03964B001F5618 /* VirtualTourist */ = {
			isa = PBXNativeTarget;
			buildConfigurationList = 180372981D03964C001F5618 /* Build configuration list for PBXNativeTarget "VirtualTourist" */;
			buildPhases = (
				1803726C1D03964B001F5618 /* Sources */,
				1803726D1D03964B001F5618 /* Frameworks */,
				1803726E1D03964B001F5618 /* Resources */,
			);
			buildRules = (
			);
			dependencies = (
			);
			name = VirtualTourist;
			productName = VirtualTourist;
			productReference = 180372701D03964B001F5618 /* VirtualTourist.app */;
			productType = "com.apple.product-type.application";
		};
		180372831D03964C001F5618 /* VirtualTouristTests */ = {
			isa = PBXNativeTarget;
			buildConfigurationList = 1803729B1D03964C001F5618 /* Build configuration list for PBXNativeTarget "VirtualTouristTests" */;
			buildPhases = (
				180372801D03964C001F5618 /* Sources */,
				180372811D03964C001F5618 /* Frameworks */,
				180372821D03964C001F5618 /* Resources */,
			);
			buildRules = (
			);
			dependencies = (
				180372861D03964C001F5618 /* PBXTargetDependency */,
			);
			name = VirtualTouristTests;
			productName = VirtualTouristTests;
			productReference = 180372841D03964C001F5618 /* VirtualTouristTests.xctest */;
			productType = "com.apple.product-type.bundle.unit-test";
		};
		1803728E1D03964C001F5618 /* VirtualTouristUITests */ = {
			isa = PBXNativeTarget;
			buildConfigurationList = 1803729E1D03964C001F5618 /* Build configuration list for PBXNativeTarget "VirtualTouristUITests" */;
			buildPhases = (
				1803728B1D03964C001F5618 /* Sources */,
				1803728C1D03964C001F5618 /* Frameworks */,
				1803728D1D03964C001F5618 /* Resources */,
			);
			buildRules = (
			);
			dependencies = (
				180372911D03964C001F5618 /* PBXTargetDependency */,
			);
			name = VirtualTouristUITests;
			productName = VirtualTouristUITests;
			productReference = 1803728F1D03964C001F5618 /* VirtualTouristUITests.xctest */;
			productType = "com.apple.product-type.bundle.ui-testing";
		};
/* End PBXNativeTarget section */

/* Begin PBXProject section */
		180372681D03964B001F5618 /* Project object */ = {
			isa = PBXProject;
			attributes = {
				LastSwiftUpdateCheck = 0730;
				LastUpgradeCheck = 0730;
				ORGANIZATIONNAME = JennyLouthan;
				TargetAttributes = {
					1803726F1D03964B001F5618 = {
						CreatedOnToolsVersion = 7.3;
					};
					180372831D03964C001F5618 = {
						CreatedOnToolsVersion = 7.3;
						TestTargetID = 1803726F1D03964B001F5618;
					};
					1803728E1D03964C001F5618 = {
						CreatedOnToolsVersion = 7.3;
						TestTargetID = 1803726F1D03964B001F5618;
					};
				};
			};
			buildConfigurationList = 1803726B1D03964B001F5618 /* Build configuration list for PBXProject "VirtualTourist" */;
			compatibilityVersion = "Xcode 3.2";
			developmentRegion = English;
			hasScannedForEncodings = 0;
			knownRegions = (
				en,
				Base,
			);
			mainGroup = 180372671D03964B001F5618;
			productRefGroup = 180372711D03964B001F5618 /* Products */;
			projectDirPath = "";
			projectRoot = "";
			targets = (
				1803726F1D03964B001F5618 /* VirtualTourist */,
				180372831D03964C001F5618 /* VirtualTouristTests */,
				1803728E1D03964C001F5618 /* VirtualTouristUITests */,
			);
		};
/* End PBXProject section */

/* Begin PBXResourcesBuildPhase section */
		1803726E1D03964B001F5618 /* Resources */ = {
			isa = PBXResourcesBuildPhase;
			buildActionMask = 2147483647;
			files = (
				1803727E1D03964C001F5618 /* LaunchScreen.storyboard in Resources */,
				1803727B1D03964C001F5618 /* Assets.xcassets in Resources */,
				180372791D03964B001F5618 /* Main.storyboard in Resources */,
			);
			runOnlyForDeploymentPostprocessing = 0;
		};
		180372821D03964C001F5618 /* Resources */ = {
			isa = PBXResourcesBuildPhase;
			buildActionMask = 2147483647;
			files = (
			);
			runOnlyForDeploymentPostprocessing = 0;
		};
		1803728D1D03964C001F5618 /* Resources */ = {
			isa = PBXResourcesBuildPhase;
			buildActionMask = 2147483647;
			files = (
			);
			runOnlyForDeploymentPostprocessing = 0;
		};
/* End PBXResourcesBuildPhase section */

/* Begin PBXSourcesBuildPhase section */
		1803726C1D03964B001F5618 /* Sources */ = {
			isa = PBXSourcesBuildPhase;
			buildActionMask = 2147483647;
			files = (
				180372761D03964B001F5618 /* MapViewController.swift in Sources */,
				187547E41D287BE700587B76 /* PhotoAlbumCell.swift in Sources */,
				180372B21D03D262001F5618 /* FlickrConstants.swift in Sources */,
				180372741D03964B001F5618 /* AppDelegate.swift in Sources */,
				18067F7E1D28962000F5B1BA /* GCDBlackBox.swift in Sources */,
				180372A21D03C383001F5618 /* PhotoAlbumViewController.swift in Sources */,
				180372A61D03C8AC001F5618 /* Pin.swift in Sources */,
				187C63BC1D2B3BB600CAEC16 /* CoreDataStack.swift in Sources */,
				187C63BE1D2B3F3E00CAEC16 /* CoreDataStackManager.swift in Sources */,
				180372AE1D03D1DA001F5618 /* NetworkRequestBuilder.swift in Sources */,
				180372A81D03C8B7001F5618 /* Photo.swift in Sources */,
				180372AB1D03CBA7001F5618 /* MapAnnotation.swift in Sources */,
				180372B41D03D2C7001F5618 /* FlickrConvenience.swift in Sources */,
				187C63BA1D2B397B00CAEC16 /* Model.xcdatamodeld in Sources */,
				180372B01D03D252001F5618 /* FlickrClient.swift in Sources */,
			);
			runOnlyForDeploymentPostprocessing = 0;
		};
		180372801D03964C001F5618 /* Sources */ = {
			isa = PBXSourcesBuildPhase;
			buildActionMask = 2147483647;
			files = (
				180372891D03964C001F5618 /* VirtualTouristTests.swift in Sources */,
			);
			runOnlyForDeploymentPostprocessing = 0;
		};
		1803728B1D03964C001F5618 /* Sources */ = {
			isa = PBXSourcesBuildPhase;
			buildActionMask = 2147483647;
			files = (
				180372941D03964C001F5618 /* VirtualTouristUITests.swift in Sources */,
			);
			runOnlyForDeploymentPostprocessing = 0;
		};
/* End PBXSourcesBuildPhase section */

/* Begin PBXTargetDependency section */
		180372861D03964C001F5618 /* PBXTargetDependency */ = {
			isa = PBXTargetDependency;
			target = 1803726F1D03964B001F5618 /* VirtualTourist */;
			targetProxy = 180372851D03964C001F5618 /* PBXContainerItemProxy */;
		};
		180372911D03964C001F5618 /* PBXTargetDependency */ = {
			isa = PBXTargetDependency;
			target = 1803726F1D03964B001F5618 /* VirtualTourist */;
			targetProxy = 180372901D03964C001F5618 /* PBXContainerItemProxy */;
		};
/* End PBXTargetDependency section */

/* Begin PBXVariantGroup section */
		180372771D03964B001F5618 /* Main.storyboard */ = {
			isa = PBXVariantGroup;
			children = (
				180372781D03964B001F5618 /* Base */,
			);
			name = Main.storyboard;
			sourceTree = "<group>";
		};
		1803727C1D03964C001F5618 /* LaunchScreen.storyboard */ = {
			isa = PBXVariantGroup;
			children = (
				1803727D1D03964C001F5618 /* Base */,
			);
			name = LaunchScreen.storyboard;
			sourceTree = "<group>";
		};
/* End PBXVariantGroup section */

/* Begin XCBuildConfiguration section */
		180372961D03964C001F5618 /* Debug */ = {
			isa = XCBuildConfiguration;
			buildSettings = {
				ALWAYS_SEARCH_USER_PATHS = NO;
				CLANG_ANALYZER_NONNULL = YES;
				CLANG_CXX_LANGUAGE_STANDARD = "gnu++0x";
				CLANG_CXX_LIBRARY = "libc++";
				CLANG_ENABLE_MODULES = YES;
				CLANG_ENABLE_OBJC_ARC = YES;
				CLANG_WARN_BOOL_CONVERSION = YES;
				CLANG_WARN_CONSTANT_CONVERSION = YES;
				CLANG_WARN_DIRECT_OBJC_ISA_USAGE = YES_ERROR;
				CLANG_WARN_EMPTY_BODY = YES;
				CLANG_WARN_ENUM_CONVERSION = YES;
				CLANG_WARN_INT_CONVERSION = YES;
				CLANG_WARN_OBJC_ROOT_CLASS = YES_ERROR;
				CLANG_WARN_UNREACHABLE_CODE = YES;
				CLANG_WARN__DUPLICATE_METHOD_MATCH = YES;
				"CODE_SIGN_IDENTITY[sdk=iphoneos*]" = "iPhone Developer";
				COPY_PHASE_STRIP = NO;
				DEBUG_INFORMATION_FORMAT = dwarf;
				ENABLE_STRICT_OBJC_MSGSEND = YES;
				ENABLE_TESTABILITY = YES;
				GCC_C_LANGUAGE_STANDARD = gnu99;
				GCC_DYNAMIC_NO_PIC = NO;
				GCC_NO_COMMON_BLOCKS = YES;
				GCC_OPTIMIZATION_LEVEL = 0;
				GCC_PREPROCESSOR_DEFINITIONS = (
					"DEBUG=1",
					"$(inherited)",
				);
				GCC_WARN_64_TO_32_BIT_CONVERSION = YES;
				GCC_WARN_ABOUT_RETURN_TYPE = YES_ERROR;
				GCC_WARN_UNDECLARED_SELECTOR = YES;
				GCC_WARN_UNINITIALIZED_AUTOS = YES_AGGRESSIVE;
				GCC_WARN_UNUSED_FUNCTION = YES;
				GCC_WARN_UNUSED_VARIABLE = YES;
				IPHONEOS_DEPLOYMENT_TARGET = 9.3;
				MTL_ENABLE_DEBUG_INFO = YES;
				ONLY_ACTIVE_ARCH = YES;
				SDKROOT = iphoneos;
				SWIFT_OPTIMIZATION_LEVEL = "-Onone";
			};
			name = Debug;
		};
		180372971D03964C001F5618 /* Release */ = {
			isa = XCBuildConfiguration;
			buildSettings = {
				ALWAYS_SEARCH_USER_PATHS = NO;
				CLANG_ANALYZER_NONNULL = YES;
				CLANG_CXX_LANGUAGE_STANDARD = "gnu++0x";
				CLANG_CXX_LIBRARY = "libc++";
				CLANG_ENABLE_MODULES = YES;
				CLANG_ENABLE_OBJC_ARC = YES;
				CLANG_WARN_BOOL_CONVERSION = YES;
				CLANG_WARN_CONSTANT_CONVERSION = YES;
				CLANG_WARN_DIRECT_OBJC_ISA_USAGE = YES_ERROR;
				CLANG_WARN_EMPTY_BODY = YES;
				CLANG_WARN_ENUM_CONVERSION = YES;
				CLANG_WARN_INT_CONVERSION = YES;
				CLANG_WARN_OBJC_ROOT_CLASS = YES_ERROR;
				CLANG_WARN_UNREACHABLE_CODE = YES;
				CLANG_WARN__DUPLICATE_METHOD_MATCH = YES;
				"CODE_SIGN_IDENTITY[sdk=iphoneos*]" = "iPhone Developer";
				COPY_PHASE_STRIP = NO;
				DEBUG_INFORMATION_FORMAT = "dwarf-with-dsym";
				ENABLE_NS_ASSERTIONS = NO;
				ENABLE_STRICT_OBJC_MSGSEND = YES;
				GCC_C_LANGUAGE_STANDARD = gnu99;
				GCC_NO_COMMON_BLOCKS = YES;
				GCC_WARN_64_TO_32_BIT_CONVERSION = YES;
				GCC_WARN_ABOUT_RETURN_TYPE = YES_ERROR;
				GCC_WARN_UNDECLARED_SELECTOR = YES;
				GCC_WARN_UNINITIALIZED_AUTOS = YES_AGGRESSIVE;
				GCC_WARN_UNUSED_FUNCTION = YES;
				GCC_WARN_UNUSED_VARIABLE = YES;
				IPHONEOS_DEPLOYMENT_TARGET = 9.3;
				MTL_ENABLE_DEBUG_INFO = NO;
				SDKROOT = iphoneos;
				VALIDATE_PRODUCT = YES;
			};
			name = Release;
		};
		180372991D03964C001F5618 /* Debug */ = {
			isa = XCBuildConfiguration;
			buildSettings = {
				ASSETCATALOG_COMPILER_APPICON_NAME = AppIcon;
				INFOPLIST_FILE = VirtualTourist/Info.plist;
				LD_RUNPATH_SEARCH_PATHS = "$(inherited) @executable_path/Frameworks";
				PRODUCT_BUNDLE_IDENTIFIER = com.jennylouthan.VirtualTourist;
				PRODUCT_NAME = "$(TARGET_NAME)";
			};
			name = Debug;
		};
		1803729A1D03964C001F5618 /* Release */ = {
			isa = XCBuildConfiguration;
			buildSettings = {
				ASSETCATALOG_COMPILER_APPICON_NAME = AppIcon;
				INFOPLIST_FILE = VirtualTourist/Info.plist;
				LD_RUNPATH_SEARCH_PATHS = "$(inherited) @executable_path/Frameworks";
				PRODUCT_BUNDLE_IDENTIFIER = com.jennylouthan.VirtualTourist;
				PRODUCT_NAME = "$(TARGET_NAME)";
			};
			name = Release;
		};
		1803729C1D03964C001F5618 /* Debug */ = {
			isa = XCBuildConfiguration;
			buildSettings = {
				BUNDLE_LOADER = "$(TEST_HOST)";
				INFOPLIST_FILE = VirtualTouristTests/Info.plist;
				LD_RUNPATH_SEARCH_PATHS = "$(inherited) @executable_path/Frameworks @loader_path/Frameworks";
				PRODUCT_BUNDLE_IDENTIFIER = com.jennylouthan.VirtualTouristTests;
				PRODUCT_NAME = "$(TARGET_NAME)";
				TEST_HOST = "$(BUILT_PRODUCTS_DIR)/VirtualTourist.app/VirtualTourist";
			};
			name = Debug;
		};
		1803729D1D03964C001F5618 /* Release */ = {
			isa = XCBuildConfiguration;
			buildSettings = {
				BUNDLE_LOADER = "$(TEST_HOST)";
				INFOPLIST_FILE = VirtualTouristTests/Info.plist;
				LD_RUNPATH_SEARCH_PATHS = "$(inherited) @executable_path/Frameworks @loader_path/Frameworks";
				PRODUCT_BUNDLE_IDENTIFIER = com.jennylouthan.VirtualTouristTests;
				PRODUCT_NAME = "$(TARGET_NAME)";
				TEST_HOST = "$(BUILT_PRODUCTS_DIR)/VirtualTourist.app/VirtualTourist";
			};
			name = Release;
		};
		1803729F1D03964C001F5618 /* Debug */ = {
			isa = XCBuildConfiguration;
			buildSettings = {
				INFOPLIST_FILE = VirtualTouristUITests/Info.plist;
				LD_RUNPATH_SEARCH_PATHS = "$(inherited) @executable_path/Frameworks @loader_path/Frameworks";
				PRODUCT_BUNDLE_IDENTIFIER = com.jennylouthan.VirtualTouristUITests;
				PRODUCT_NAME = "$(TARGET_NAME)";
				TEST_TARGET_NAME = VirtualTourist;
			};
			name = Debug;
		};
		180372A01D03964C001F5618 /* Release */ = {
			isa = XCBuildConfiguration;
			buildSettings = {
				INFOPLIST_FILE = VirtualTouristUITests/Info.plist;
				LD_RUNPATH_SEARCH_PATHS = "$(inherited) @executable_path/Frameworks @loader_path/Frameworks";
				PRODUCT_BUNDLE_IDENTIFIER = com.jennylouthan.VirtualTouristUITests;
				PRODUCT_NAME = "$(TARGET_NAME)";
				TEST_TARGET_NAME = VirtualTourist;
			};
			name = Release;
		};
/* End XCBuildConfiguration section */

/* Begin XCConfigurationList section */
		1803726B1D03964B001F5618 /* Build configuration list for PBXProject "VirtualTourist" */ = {
			isa = XCConfigurationList;
			buildConfigurations = (
				180372961D03964C001F5618 /* Debug */,
				180372971D03964C001F5618 /* Release */,
			);
			defaultConfigurationIsVisible = 0;
			defaultConfigurationName = Release;
		};
		180372981D03964C001F5618 /* Build configuration list for PBXNativeTarget "VirtualTourist" */ = {
			isa = XCConfigurationList;
			buildConfigurations = (
				180372991D03964C001F5618 /* Debug */,
				1803729A1D03964C001F5618 /* Release */,
			);
			defaultConfigurationIsVisible = 0;
			defaultConfigurationName = Release;
		};
		1803729B1D03964C001F5618 /* Build configuration list for PBXNativeTarget "VirtualTouristTests" */ = {
			isa = XCConfigurationList;
			buildConfigurations = (
				1803729C1D03964C001F5618 /* Debug */,
				1803729D1D03964C001F5618 /* Release */,
			);
			defaultConfigurationIsVisible = 0;
			defaultConfigurationName = Release;
		};
		1803729E1D03964C001F5618 /* Build configuration list for PBXNativeTarget "VirtualTouristUITests" */ = {
			isa = XCConfigurationList;
			buildConfigurations = (
				1803729F1D03964C001F5618 /* Debug */,
				180372A01D03964C001F5618 /* Release */,
			);
			defaultConfigurationIsVisible = 0;
			defaultConfigurationName = Release;
		};
/* End XCConfigurationList section */

/* Begin XCVersionGroup section */
		187C63B81D2B397B00CAEC16 /* Model.xcdatamodeld */ = {
			isa = XCVersionGroup;
			children = (
				187C63B91D2B397B00CAEC16 /* Model.xcdatamodel */,
			);
			currentVersion = 187C63B91D2B397B00CAEC16 /* Model.xcdatamodel */;
			path = Model.xcdatamodeld;
			sourceTree = "<group>";
			versionGroupType = wrapper.xcdatamodel;
		};
/* End XCVersionGroup section */
	};
	rootObject = 180372681D03964B001F5618 /* Project object */;
}
